
Microsoft Visual Studio Solution File, Format Version 12.00
# Visual Studio 15
VisualStudioVersion = 15.0.27428.2015
MinimumVisualStudioVersion = 10.0.40219.1
Project("{8BC9CEB8-8B4A-11D0-8D11-00A0C91BC942}") = "pro9-1.2", "pro9-1.2\pro9-1.2.vcxproj", "{7740F48A-6DB2-4163-86DC-744F90CD8D9B}"
EndProject
Global
	GlobalSection(SolutionConfigurationPlatforms) = preSolution
		Debug|x64 = Debug|x64
		Debug|x86 = Debug|x86
		Release|x64 = Release|x64
		Release|x86 = Release|x86
	EndGlobalSection
	GlobalSection(ProjectConfigurationPlatforms) = postSolution
		{7740F48A-6DB2-4163-86DC-744F90CD8D9B}.Debug|x64.ActiveCfg = Debug|x64
		{7740F48A-6DB2-4163-86DC-744F90CD8D9B}.Debug|x64.Build.0 = Debug|x64
		{7740F48A-6DB2-4163-86DC-744F90CD8D9B}.Debug|x86.ActiveCfg = Debug|Win32
		{7740F48A-6DB2-4163-86DC-744F90CD8D9B}.Debug|x86.Build.0 = Debug|Win32
		{7740F48A-6DB2-4163-86DC-744F90CD8D9B}.Release|x64.ActiveCfg = Release|x64
		{7740F48A-6DB2-4163-86DC-744F90CD8D9B}.Release|x64.Build.0 = Release|x64
		{7740F48A-6DB2-4163-86DC-744F90CD8D9B}.Release|x86.ActiveCfg = Release|Win32
		{7740F48A-6DB2-4163-86DC-744F90CD8D9B}.Release|x86.Build.0 = Release|Win32
	EndGlobalSection
	GlobalSection(SolutionProperties) = preSolution
		HideSolutionNode = FALSE
	EndGlobalSection
	GlobalSection(ExtensibilityGlobals) = postSolution
		SolutionGuid = {733FEB30-2CD0-43A0-90EE-A7793C4C2FDF}
	EndGlobalSection
EndGlobal
