
Microsoft Visual Studio Solution File, Format Version 12.00
# Visual Studio 15
VisualStudioVersion = 15.0.27428.2015
MinimumVisualStudioVersion = 10.0.40219.1
Project("{8BC9CEB8-8B4A-11D0-8D11-00A0C91BC942}") = "117p-3", "117p-3\117p-3.vcxproj", "{10B9CB71-8D6F-4377-9A89-514AE5A0EB07}"
EndProject
Global
	GlobalSection(SolutionConfigurationPlatforms) = preSolution
		Debug|x64 = Debug|x64
		Debug|x86 = Debug|x86
		Release|x64 = Release|x64
		Release|x86 = Release|x86
	EndGlobalSection
	GlobalSection(ProjectConfigurationPlatforms) = postSolution
		{10B9CB71-8D6F-4377-9A89-514AE5A0EB07}.Debug|x64.ActiveCfg = Debug|x64
		{10B9CB71-8D6F-4377-9A89-514AE5A0EB07}.Debug|x64.Build.0 = Debug|x64
		{10B9CB71-8D6F-4377-9A89-514AE5A0EB07}.Debug|x86.ActiveCfg = Debug|Win32
		{10B9CB71-8D6F-4377-9A89-514AE5A0EB07}.Debug|x86.Build.0 = Debug|Win32
		{10B9CB71-8D6F-4377-9A89-514AE5A0EB07}.Release|x64.ActiveCfg = Release|x64
		{10B9CB71-8D6F-4377-9A89-514AE5A0EB07}.Release|x64.Build.0 = Release|x64
		{10B9CB71-8D6F-4377-9A89-514AE5A0EB07}.Release|x86.ActiveCfg = Release|Win32
		{10B9CB71-8D6F-4377-9A89-514AE5A0EB07}.Release|x86.Build.0 = Release|Win32
	EndGlobalSection
	GlobalSection(SolutionProperties) = preSolution
		HideSolutionNode = FALSE
	EndGlobalSection
	GlobalSection(ExtensibilityGlobals) = postSolution
		SolutionGuid = {09B072BC-6590-4980-B4F6-8EB69EE30DA2}
	EndGlobalSection
EndGlobal
